
Microsoft Visual Studio Solution File, Format Version 12.00
# Visual Studio Version 16
VisualStudioVersion = 16.0.31624.102
MinimumVisualStudioVersion = 10.0.40219.1
Project("{FAE04EC0-301F-11D3-BF4B-00C04F79EFBC}") = "BİLGİ YARIŞMASI-1", "BİLGİ YARIŞMASI-1\BİLGİ YARIŞMASI-1.csproj", "{8D96E87D-4A27-4769-A91D-EEBA36D1996D}"
EndProject
Global
	GlobalSection(SolutionConfigurationPlatforms) = preSolution
		Debug|Any CPU = Debug|Any CPU
		Release|Any CPU = Release|Any CPU
	EndGlobalSection
	GlobalSection(ProjectConfigurationPlatforms) = postSolution
		{8D96E87D-4A27-4769-A91D-EEBA36D1996D}.Debug|Any CPU.ActiveCfg = Debug|Any CPU
		{8D96E87D-4A27-4769-A91D-EEBA36D1996D}.Debug|Any CPU.Build.0 = Debug|Any CPU
		{8D96E87D-4A27-4769-A91D-EEBA36D1996D}.Release|Any CPU.ActiveCfg = Release|Any CPU
		{8D96E87D-4A27-4769-A91D-EEBA36D1996D}.Release|Any CPU.Build.0 = Release|Any CPU
	EndGlobalSection
	GlobalSection(SolutionProperties) = preSolution
		HideSolutionNode = FALSE
	EndGlobalSection
	GlobalSection(ExtensibilityGlobals) = postSolution
		SolutionGuid = {55401383-5E1D-47C0-BA8B-323972AB57D5}
	EndGlobalSection
EndGlobal
